
Microsoft Visual Studio Solution File, Format Version 12.00
# Visual Studio Version 16
VisualStudioVersion = 16.0.31424.327
MinimumVisualStudioVersion = 10.0.40219.1
Project("{8BC9CEB8-8B4A-11D0-8D11-00A0C91BC942}") = "lab4", "lab4.vcxproj", "{72E7F1FA-3AB6-485B-BAF6-B17D76CA1B94}"
EndProject
Project("{9A19103F-16F7-4668-BE54-9A1E7A4F7556}") = "calculations", "..\calculations\calculations.csproj", "{7CBC4A22-BB20-486D-886E-AE73FC291FB8}"
	ProjectSection(ProjectDependencies) = postProject
		{9466D1F9-A228-4686-B68C-1EB0CF98E5B0} = {9466D1F9-A228-4686-B68C-1EB0CF98E5B0}
	EndProjectSection
EndProject
Project("{8BC9CEB8-8B4A-11D0-8D11-00A0C91BC942}") = "pinvoke_dll_lib", "..\pinvoke_dll_lib\pinvoke_dll_lib.vcxproj", "{9466D1F9-A228-4686-B68C-1EB0CF98E5B0}"
EndProject
Project("{9A19103F-16F7-4668-BE54-9A1E7A4F7556}") = "wpf_application", "..\wpf_application\wpf_application.csproj", "{B7C53267-5CF0-4103-85B2-4E6D03B56F00}"
EndProject
Global
	GlobalSection(SolutionConfigurationPlatforms) = preSolution
		Debug|Any CPU = Debug|Any CPU
		Debug|x64 = Debug|x64
		Debug|x86 = Debug|x86
		Release|Any CPU = Release|Any CPU
		Release|x64 = Release|x64
		Release|x86 = Release|x86
	EndGlobalSection
	GlobalSection(ProjectConfigurationPlatforms) = postSolution
		{72E7F1FA-3AB6-485B-BAF6-B17D76CA1B94}.Debug|Any CPU.ActiveCfg = Debug|Win32
		{72E7F1FA-3AB6-485B-BAF6-B17D76CA1B94}.Debug|x64.ActiveCfg = Debug|x64
		{72E7F1FA-3AB6-485B-BAF6-B17D76CA1B94}.Debug|x64.Build.0 = Debug|x64
		{72E7F1FA-3AB6-485B-BAF6-B17D76CA1B94}.Debug|x86.ActiveCfg = Debug|Win32
		{72E7F1FA-3AB6-485B-BAF6-B17D76CA1B94}.Debug|x86.Build.0 = Debug|Win32
		{72E7F1FA-3AB6-485B-BAF6-B17D76CA1B94}.Release|Any CPU.ActiveCfg = Release|Win32
		{72E7F1FA-3AB6-485B-BAF6-B17D76CA1B94}.Release|x64.ActiveCfg = Release|x64
		{72E7F1FA-3AB6-485B-BAF6-B17D76CA1B94}.Release|x64.Build.0 = Release|x64
		{72E7F1FA-3AB6-485B-BAF6-B17D76CA1B94}.Release|x86.ActiveCfg = Release|Win32
		{72E7F1FA-3AB6-485B-BAF6-B17D76CA1B94}.Release|x86.Build.0 = Release|Win32
		{7CBC4A22-BB20-486D-886E-AE73FC291FB8}.Debug|Any CPU.ActiveCfg = Debug|Any CPU
		{7CBC4A22-BB20-486D-886E-AE73FC291FB8}.Debug|Any CPU.Build.0 = Debug|Any CPU
		{7CBC4A22-BB20-486D-886E-AE73FC291FB8}.Debug|x64.ActiveCfg = Debug|Any CPU
		{7CBC4A22-BB20-486D-886E-AE73FC291FB8}.Debug|x64.Build.0 = Debug|Any CPU
		{7CBC4A22-BB20-486D-886E-AE73FC291FB8}.Debug|x86.ActiveCfg = Debug|Any CPU
		{7CBC4A22-BB20-486D-886E-AE73FC291FB8}.Debug|x86.Build.0 = Debug|Any CPU
		{7CBC4A22-BB20-486D-886E-AE73FC291FB8}.Release|Any CPU.ActiveCfg = Release|Any CPU
		{7CBC4A22-BB20-486D-886E-AE73FC291FB8}.Release|Any CPU.Build.0 = Release|Any CPU
		{7CBC4A22-BB20-486D-886E-AE73FC291FB8}.Release|x64.ActiveCfg = Release|Any CPU
		{7CBC4A22-BB20-486D-886E-AE73FC291FB8}.Release|x64.Build.0 = Release|Any CPU
		{7CBC4A22-BB20-486D-886E-AE73FC291FB8}.Release|x86.ActiveCfg = Release|Any CPU
		{7CBC4A22-BB20-486D-886E-AE73FC291FB8}.Release|x86.Build.0 = Release|Any CPU
		{9466D1F9-A228-4686-B68C-1EB0CF98E5B0}.Debug|Any CPU.ActiveCfg = Debug|Win32
		{9466D1F9-A228-4686-B68C-1EB0CF98E5B0}.Debug|x64.ActiveCfg = Debug|x64
		{9466D1F9-A228-4686-B68C-1EB0CF98E5B0}.Debug|x64.Build.0 = Debug|x64
		{9466D1F9-A228-4686-B68C-1EB0CF98E5B0}.Debug|x86.ActiveCfg = Debug|Win32
		{9466D1F9-A228-4686-B68C-1EB0CF98E5B0}.Debug|x86.Build.0 = Debug|Win32
		{9466D1F9-A228-4686-B68C-1EB0CF98E5B0}.Release|Any CPU.ActiveCfg = Release|Win32
		{9466D1F9-A228-4686-B68C-1EB0CF98E5B0}.Release|x64.ActiveCfg = Release|x64
		{9466D1F9-A228-4686-B68C-1EB0CF98E5B0}.Release|x64.Build.0 = Release|x64
		{9466D1F9-A228-4686-B68C-1EB0CF98E5B0}.Release|x86.ActiveCfg = Release|Win32
		{9466D1F9-A228-4686-B68C-1EB0CF98E5B0}.Release|x86.Build.0 = Release|Win32
		{B7C53267-5CF0-4103-85B2-4E6D03B56F00}.Debug|Any CPU.ActiveCfg = Debug|Any CPU
		{B7C53267-5CF0-4103-85B2-4E6D03B56F00}.Debug|Any CPU.Build.0 = Debug|Any CPU
		{B7C53267-5CF0-4103-85B2-4E6D03B56F00}.Debug|x64.ActiveCfg = Debug|Any CPU
		{B7C53267-5CF0-4103-85B2-4E6D03B56F00}.Debug|x64.Build.0 = Debug|Any CPU
		{B7C53267-5CF0-4103-85B2-4E6D03B56F00}.Debug|x86.ActiveCfg = Debug|Any CPU
		{B7C53267-5CF0-4103-85B2-4E6D03B56F00}.Debug|x86.Build.0 = Debug|Any CPU
		{B7C53267-5CF0-4103-85B2-4E6D03B56F00}.Release|Any CPU.ActiveCfg = Release|Any CPU
		{B7C53267-5CF0-4103-85B2-4E6D03B56F00}.Release|Any CPU.Build.0 = Release|Any CPU
		{B7C53267-5CF0-4103-85B2-4E6D03B56F00}.Release|x64.ActiveCfg = Release|Any CPU
		{B7C53267-5CF0-4103-85B2-4E6D03B56F00}.Release|x64.Build.0 = Release|Any CPU
		{B7C53267-5CF0-4103-85B2-4E6D03B56F00}.Release|x86.ActiveCfg = Release|Any CPU
		{B7C53267-5CF0-4103-85B2-4E6D03B56F00}.Release|x86.Build.0 = Release|Any CPU
	EndGlobalSection
	GlobalSection(SolutionProperties) = preSolution
		HideSolutionNode = FALSE
	EndGlobalSection
	GlobalSection(ExtensibilityGlobals) = postSolution
		SolutionGuid = {72D40EA2-C58F-4B9F-AD44-69F123F9699B}
	EndGlobalSection
EndGlobal
